<?xml version="1.0" encoding="utf-8"?>
<Project ToolsVersion="4.0" xmlns="http://schemas.microsoft.com/developer/msbuild/2003">
  <ItemGroup>
    <Filter Include="Source Files">
      <UniqueIdentifier>{4FC737F1-C7A5-4376-A066-2A32D752A2FF}</UniqueIdentifier>
      <Extensions>cpp;c;cc;cxx;def;odl;idl;hpj;bat;asm;asmx</Extensions>
    </Filter>
    <Filter Include="Header Files">
      <UniqueIdentifier>{93995380-89BD-4b04-88EB-625FBE52EBFB}</UniqueIdentifier>
      <Extensions>h;hpp;hxx;hm;inl;inc;xsd</Extensions>
    </Filter>
    <Filter Include="Resource Files">
      <UniqueIdentifier>{67DA6AB6-F800-4c08-8B7A-83BB121AAD01}</UniqueIdentifier>
      <Extensions>rc;ico;cur;bmp;dlg;rc2;rct;bin;rgs;gif;jpg;jpeg;jpe;resx;tiff;tif;png;wav</Extensions>
    </Filter>
    <Filter Include="cweb Files">
      <UniqueIdentifier>{6d2a356c-e9d5-4a31-aca7-cf8ae78d5f81}</UniqueIdentifier>
    </Filter>
  </ItemGroup>
  <ItemGroup>
    <ClCompile Include="button.c">
      <Filter>Source Files</Filter>
    </ClCompile>
    <ClCompile Include="..\backend\get.c">
      <Filter>Source Files</Filter>
    </ClCompile>
    <ClCompile Include="glcontext.c">
      <Filter>Source Files</Filter>
    </ClCompile>
    <ClCompile Include="..\external\glew-1.13.0\src\glew.c">
      <Filter>Source Files</Filter>
    </ClCompile>
    <ClCompile Include="..\backend\hfonts.c">
      <Filter>Source Files</Filter>
    </ClCompile>
    <ClCompile Include="..\backend\hint.c">
      <Filter>Source Files</Filter>
    </ClCompile>
    <ClCompile Include="..\backend\hrender.c">
      <Filter>Source Files</Filter>
    </ClCompile>
    <ClCompile Include="..\backend\htex.c">
      <Filter>Source Files</Filter>
    </ClCompile>
    <ClCompile Include="outline.c">
      <Filter>Source Files</Filter>
    </ClCompile>
    <ClCompile Include="print.c">
      <Filter>Source Files</Filter>
    </ClCompile>
    <ClCompile Include="renderOGL.c">
      <Filter>Source Files</Filter>
    </ClCompile>
    <ClCompile Include="saveimage.c">
      <Filter>Source Files</Filter>
    </ClCompile>
    <ClCompile Include="search.c">
      <Filter>Source Files</Filter>
    </ClCompile>
    <ClCompile Include="settings.c">
      <Filter>Source Files</Filter>
    </ClCompile>
    <ClCompile Include="..\backend\tables.c">
      <Filter>Source Files</Filter>
    </ClCompile>
    <ClCompile Include="winmain.c">
      <Filter>Source Files</Filter>
    </ClCompile>
    <ClCompile Include="winreg.c">
      <Filter>Source Files</Filter>
    </ClCompile>
  </ItemGroup>
  <ItemGroup>
    <ClInclude Include="..\backend\basetypes.h">
      <Filter>Header Files</Filter>
    </ClInclude>
    <ClInclude Include="button.h">
      <Filter>Header Files</Filter>
    </ClInclude>
    <ClInclude Include="..\backend\format.h">
      <Filter>Header Files</Filter>
    </ClInclude>
    <ClInclude Include="glcontext.h">
      <Filter>Header Files</Filter>
    </ClInclude>
    <ClInclude Include="..\backend\hfonts.h">
      <Filter>Header Files</Filter>
    </ClInclude>
    <ClInclude Include="..\backend\hint.h">
      <Filter>Header Files</Filter>
    </ClInclude>
    <ClInclude Include="..\backend\hrender.h">
      <Filter>Header Files</Filter>
    </ClInclude>
    <ClInclude Include="..\backend\htex.h">
      <Filter>Header Files</Filter>
    </ClInclude>
    <ClInclude Include="outline.h">
      <Filter>Header Files</Filter>
    </ClInclude>
    <ClInclude Include="print.h">
      <Filter>Header Files</Filter>
    </ClInclude>
    <ClInclude Include="..\backend\rendernative.h">
      <Filter>Header Files</Filter>
    </ClInclude>
    <ClInclude Include="resource.h">
      <Filter>Header Files</Filter>
    </ClInclude>
    <ClInclude Include="saveimage.h">
      <Filter>Header Files</Filter>
    </ClInclude>
    <ClInclude Include="search.h">
      <Filter>Header Files</Filter>
    </ClInclude>
    <ClInclude Include="settings.h">
      <Filter>Header Files</Filter>
    </ClInclude>
    <ClInclude Include="winmain.h">
      <Filter>Header Files</Filter>
    </ClInclude>
    <ClInclude Include="winreg.h">
      <Filter>Header Files</Filter>
    </ClInclude>
    <ClInclude Include="..\backend\error.h">
      <Filter>Header Files</Filter>
    </ClInclude>
  </ItemGroup>
  <ItemGroup>
    <Image Include="..\resources\logo\HintView.ico">
      <Filter>Resource Files</Filter>
    </Image>
    <Image Include="..\resources\logo\Logo48.bmp">
      <Filter>Resource Files</Filter>
    </Image>
    <Image Include="..\resources\toolbar.bmp">
      <Filter>Resource Files</Filter>
    </Image>
    <Image Include="..\resources\ButtonFace36x36xA.bmp">
      <Filter>Resource Files</Filter>
    </Image>
  </ItemGroup>
  <ItemGroup>
    <ResourceCompile Include="hintview.rc">
      <Filter>Resource Files</Filter>
    </ResourceCompile>
  </ItemGroup>
  <ItemGroup>
    <None Include="..\backend\btex.w">
      <Filter>cweb Files</Filter>
    </None>
    <None Include="..\backend\format.w">
      <Filter>cweb Files</Filter>
    </None>
    <None Include="..\backend\hint.w">
      <Filter>cweb Files</Filter>
    </None>
    <None Include="..\backend\htex.ch">
      <Filter>cweb Files</Filter>
    </None>
    <None Include="..\backend\htex.w">
      <Filter>cweb Files</Filter>
    </None>
  </ItemGroup>
</Project>